
Microsoft Visual Studio Solution File, Format Version 12.00
# Visual Studio Version 17
VisualStudioVersion = 17.2.32630.192
MinimumVisualStudioVersion = 10.0.40219.1
Project("{9A19103F-16F7-4668-BE54-9A1E7A4F7556}") = "SmartChemAPI", "SmartChem\SmartChemAPI.csproj", "{B5260456-5733-4877-9917-75410E50969C}"
EndProject
Project("{FAE04EC0-301F-11D3-BF4B-00C04F79EFBC}") = "SmartChemMVC", "SmartChemMVC\SmartChemMVC.csproj", "{377B78C5-E4C8-4107-9F54-D26521109B3F}"
EndProject
Global
	GlobalSection(SolutionConfigurationPlatforms) = preSolution
		Debug|Any CPU = Debug|Any CPU
		Release|Any CPU = Release|Any CPU
	EndGlobalSection
	GlobalSection(ProjectConfigurationPlatforms) = postSolution
		{B5260456-5733-4877-9917-75410E50969C}.Debug|Any CPU.ActiveCfg = Debug|Any CPU
		{B5260456-5733-4877-9917-75410E50969C}.Debug|Any CPU.Build.0 = Debug|Any CPU
		{B5260456-5733-4877-9917-75410E50969C}.Release|Any CPU.ActiveCfg = Release|Any CPU
		{B5260456-5733-4877-9917-75410E50969C}.Release|Any CPU.Build.0 = Release|Any CPU
		{377B78C5-E4C8-4107-9F54-D26521109B3F}.Debug|Any CPU.ActiveCfg = Debug|Any CPU
		{377B78C5-E4C8-4107-9F54-D26521109B3F}.Debug|Any CPU.Build.0 = Debug|Any CPU
		{377B78C5-E4C8-4107-9F54-D26521109B3F}.Release|Any CPU.ActiveCfg = Release|Any CPU
		{377B78C5-E4C8-4107-9F54-D26521109B3F}.Release|Any CPU.Build.0 = Release|Any CPU
	EndGlobalSection
	GlobalSection(SolutionProperties) = preSolution
		HideSolutionNode = FALSE
	EndGlobalSection
	GlobalSection(ExtensibilityGlobals) = postSolution
		SolutionGuid = {515A1119-8BB4-48C4-B6B6-F841C0638F97}
	EndGlobalSection
EndGlobal
